
Microsoft Visual Studio Solution File, Format Version 12.00
# Visual Studio Version 17
VisualStudioVersion = 17.9.34622.214
MinimumVisualStudioVersion = 10.0.40219.1
Project("{FAE04EC0-301F-11D3-BF4B-00C04F79EFBC}") = "NewFishGame", "NewFishGame\NewFishGame.csproj", "{322C10B2-25AE-40FF-929B-127FA8A23A57}"
EndProject
Global
	GlobalSection(SolutionConfigurationPlatforms) = preSolution
		Debug|Any CPU = Debug|Any CPU
		Release|Any CPU = Release|Any CPU
	EndGlobalSection
	GlobalSection(ProjectConfigurationPlatforms) = postSolution
		{322C10B2-25AE-40FF-929B-127FA8A23A57}.Debug|Any CPU.ActiveCfg = Debug|Any CPU
		{322C10B2-25AE-40FF-929B-127FA8A23A57}.Debug|Any CPU.Build.0 = Debug|Any CPU
		{322C10B2-25AE-40FF-929B-127FA8A23A57}.Release|Any CPU.ActiveCfg = Release|Any CPU
		{322C10B2-25AE-40FF-929B-127FA8A23A57}.Release|Any CPU.Build.0 = Release|Any CPU
	EndGlobalSection
	GlobalSection(SolutionProperties) = preSolution
		HideSolutionNode = FALSE
	EndGlobalSection
	GlobalSection(ExtensibilityGlobals) = postSolution
		SolutionGuid = {B23A88E8-8709-48D7-A434-D89613A353FD}
	EndGlobalSection
EndGlobal
